// !$*UTF8*$!
{
	archiveVersion = 1;
	classes = {
	};
	objectVersion = 56;
	objects = {

/* Begin PBXBuildFile section */
		964777612C782C1B00BE3B00 /* GameViewModel.swift in Sources */ = {isa = PBXBuildFile; fileRef = 964777602C782C1B00BE3B00 /* GameViewModel.swift */; };
		964777632C782F8D00BE3B00 /* QuestionView.swift in Sources */ = {isa = PBXBuildFile; fileRef = 964777622C782F8D00BE3B00 /* QuestionView.swift */; };
		964777652C784D8500BE3B00 /* ScoreView.swift in Sources */ = {isa = PBXBuildFile; fileRef = 964777642C784D8500BE3B00 /* ScoreView.swift */; };
		964777672C784E9E00BE3B00 /* ScoreViewModel.swift in Sources */ = {isa = PBXBuildFile; fileRef = 964777662C784E9E00BE3B00 /* ScoreViewModel.swift */; };
		967AAA532C77EB0B003F79AD /* QuizAppApp.swift in Sources */ = {isa = PBXBuildFile; fileRef = 967AAA522C77EB0B003F79AD /* QuizAppApp.swift */; };
		967AAA552C77EB0B003F79AD /* GameView.swift in Sources */ = {isa = PBXBuildFile; fileRef = 967AAA542C77EB0B003F79AD /* GameView.swift */; };
		967AAA572C77EB0E003F79AD /* Assets.xcassets in Resources */ = {isa = PBXBuildFile; fileRef = 967AAA562C77EB0E003F79AD /* Assets.xcassets */; };
		967AAA5A2C77EB0E003F79AD /* Preview Assets.xcassets in Resources */ = {isa = PBXBuildFile; fileRef = 967AAA592C77EB0E003F79AD /* Preview Assets.xcassets */; };
		967AAA632C77EB9D003F79AD /* ChoiceTextView.swift in Sources */ = {isa = PBXBuildFile; fileRef = 967AAA622C77EB9D003F79AD /* ChoiceTextView.swift */; };
		967AAA652C77EBBE003F79AD /* Question.swift in Sources */ = {isa = PBXBuildFile; fileRef = 967AAA642C77EBBE003F79AD /* Question.swift */; };
		967AAA672C77EBC7003F79AD /* Game.swift in Sources */ = {isa = PBXBuildFile; fileRef = 967AAA662C77EBC7003F79AD /* Game.swift */; };
		967AAA692C77F11E003F79AD /* WelcomeView.swift in Sources */ = {isa = PBXBuildFile; fileRef = 967AAA682C77F11E003F79AD /* WelcomeView.swift */; };
		967AAA6B2C77F5F2003F79AD /* GameColor.swift in Sources */ = {isa = PBXBuildFile; fileRef = 967AAA6A2C77F5F2003F79AD /* GameColor.swift */; };
		96DBCD3F2C77FE650075E92A /* BottomTextView.swift in Sources */ = {isa = PBXBuildFile; fileRef = 96DBCD3E2C77FE650075E92A /* BottomTextView.swift */; };
/* End PBXBuildFile section */

/* Begin PBXFileReference section */
		964777602C782C1B00BE3B00 /* GameViewModel.swift */ = {isa = PBXFileReference; lastKnownFileType = sourcecode.swift; path = GameViewModel.swift; sourceTree = "<group>"; };
		964777622C782F8D00BE3B00 /* QuestionView.swift */ = {isa = PBXFileReference; lastKnownFileType = sourcecode.swift; path = QuestionView.swift; sourceTree = "<group>"; };
		964777642C784D8500BE3B00 /* ScoreView.swift */ = {isa = PBXFileReference; lastKnownFileType = sourcecode.swift; path = ScoreView.swift; sourceTree = "<group>"; };
		964777662C784E9E00BE3B00 /* ScoreViewModel.swift */ = {isa = PBXFileReference; lastKnownFileType = sourcecode.swift; path = ScoreViewModel.swift; sourceTree = "<group>"; };
		967AAA4F2C77EB0B003F79AD /* QuizApp.app */ = {isa = PBXFileReference; explicitFileType = wrapper.application; includeInIndex = 0; path = QuizApp.app; sourceTree = BUILT_PRODUCTS_DIR; };
		967AAA522C77EB0B003F79AD /* QuizAppApp.swift */ = {isa = PBXFileReference; lastKnownFileType = sourcecode.swift; path = QuizAppApp.swift; sourceTree = "<group>"; };
		967AAA542C77EB0B003F79AD /* GameView.swift */ = {isa = PBXFileReference; lastKnownFileType = sourcecode.swift; path = GameView.swift; sourceTree = "<group>"; };
		967AAA562C77EB0E003F79AD /* Assets.xcassets */ = {isa = PBXFileReference; lastKnownFileType = folder.assetcatalog; path = Assets.xcassets; sourceTree = "<group>"; };
		967AAA592C77EB0E003F79AD /* Preview Assets.xcassets */ = {isa = PBXFileReference; lastKnownFileType = folder.assetcatalog; path = "Preview Assets.xcassets"; sourceTree = "<group>"; };
		967AAA622C77EB9D003F79AD /* ChoiceTextView.swift */ = {isa = PBXFileReference; lastKnownFileType = sourcecode.swift; path = ChoiceTextView.swift; sourceTree = "<group>"; };
		967AAA642C77EBBE003F79AD /* Question.swift */ = {isa = PBXFileReference; lastKnownFileType = sourcecode.swift; path = Question.swift; sourceTree = "<group>"; };
		967AAA662C77EBC7003F79AD /* Game.swift */ = {isa = PBXFileReference; lastKnownFileType = sourcecode.swift; path = Game.swift; sourceTree = "<group>"; };
		967AAA682C77F11E003F79AD /* WelcomeView.swift */ = {isa = PBXFileReference; lastKnownFileType = sourcecode.swift; path = WelcomeView.swift; sourceTree = "<group>"; };
		967AAA6A2C77F5F2003F79AD /* GameColor.swift */ = {isa = PBXFileReference; lastKnownFileType = sourcecode.swift; path = GameColor.swift; sourceTree = "<group>"; };
		96DBCD3E2C77FE650075E92A /* BottomTextView.swift */ = {isa = PBXFileReference; lastKnownFileType = sourcecode.swift; path = BottomTextView.swift; sourceTree = "<group>"; };
/* End PBXFileReference section */

/* Begin PBXFrameworksBuildPhase section */
		967AAA4C2C77EB0B003F79AD /* Frameworks */ = {
			isa = PBXFrameworksBuildPhase;
			buildActionMask = 2147483647;
			files = (
			);
			runOnlyForDeploymentPostprocessing = 0;
		};
/* End PBXFrameworksBuildPhase section */

/* Begin PBXGroup section */
		9647775F2C782BFD00BE3B00 /* ViewModels */ = {
			isa = PBXGroup;
			children = (
				964777602C782C1B00BE3B00 /* GameViewModel.swift */,
				964777662C784E9E00BE3B00 /* ScoreViewModel.swift */,
			);
			path = ViewModels;
			sourceTree = "<group>";
		};
		967AAA462C77EB0B003F79AD = {
			isa = PBXGroup;
			children = (
				967AAA512C77EB0B003F79AD /* QuizApp */,
				967AAA502C77EB0B003F79AD /* Products */,
			);
			sourceTree = "<group>";
		};
		967AAA502C77EB0B003F79AD /* Products */ = {
			isa = PBXGroup;
			children = (
				967AAA4F2C77EB0B003F79AD /* QuizApp.app */,
			);
			name = Products;
			sourceTree = "<group>";
		};
		967AAA512C77EB0B003F79AD /* QuizApp */ = {
			isa = PBXGroup;
			children = (
				967AAA522C77EB0B003F79AD /* QuizAppApp.swift */,
				9647775F2C782BFD00BE3B00 /* ViewModels */,
				967AAA612C77EB40003F79AD /* Views */,
				967AAA602C77EB31003F79AD /* Models */,
				967AAA582C77EB0E003F79AD /* Preview Content */,
			);
			path = QuizApp;
			sourceTree = "<group>";
		};
		967AAA582C77EB0E003F79AD /* Preview Content */ = {
			isa = PBXGroup;
			children = (
				967AAA562C77EB0E003F79AD /* Assets.xcassets */,
				967AAA592C77EB0E003F79AD /* Preview Assets.xcassets */,
			);
			path = "Preview Content";
			sourceTree = "<group>";
		};
		967AAA602C77EB31003F79AD /* Models */ = {
			isa = PBXGroup;
			children = (
				967AAA642C77EBBE003F79AD /* Question.swift */,
				967AAA662C77EBC7003F79AD /* Game.swift */,
			);
			path = Models;
			sourceTree = "<group>";
		};
		967AAA612C77EB40003F79AD /* Views */ = {
			isa = PBXGroup;
			children = (
				967AAA542C77EB0B003F79AD /* GameView.swift */,
				967AAA622C77EB9D003F79AD /* ChoiceTextView.swift */,
				967AAA682C77F11E003F79AD /* WelcomeView.swift */,
				964777642C784D8500BE3B00 /* ScoreView.swift */,
				96DBCD3E2C77FE650075E92A /* BottomTextView.swift */,
				967AAA6A2C77F5F2003F79AD /* GameColor.swift */,
				964777622C782F8D00BE3B00 /* QuestionView.swift */,
			);
			path = Views;
			sourceTree = "<group>";
		};
/* End PBXGroup section */

/* Begin PBXNativeTarget section */
		967AAA4E2C77EB0B003F79AD /* QuizApp */ = {
			isa = PBXNativeTarget;
			buildConfigurationList = 967AAA5D2C77EB0E003F79AD /* Build configuration list for PBXNativeTarget "QuizApp" */;
			buildPhases = (
				967AAA4B2C77EB0B003F79AD /* Sources */,
				967AAA4C2C77EB0B003F79AD /* Frameworks */,
				967AAA4D2C77EB0B003F79AD /* Resources */,
			);
			buildRules = (
			);
			dependencies = (
			);
			name = QuizApp;
			productName = QuizApp;
			productReference = 967AAA4F2C77EB0B003F79AD /* QuizApp.app */;
			productType = "com.apple.product-type.application";
		};
/* End PBXNativeTarget section */

/* Begin PBXProject section */
		967AAA472C77EB0B003F79AD /* Project object */ = {
			isa = PBXProject;
			attributes = {
				BuildIndependentTargetsInParallel = 1;
				LastSwiftUpdateCheck = 1540;
				LastUpgradeCheck = 1540;
				TargetAttributes = {
					967AAA4E2C77EB0B003F79AD = {
						CreatedOnToolsVersion = 15.4;
					};
				};
			};
			buildConfigurationList = 967AAA4A2C77EB0B003F79AD /* Build configuration list for PBXProject "QuizApp" */;
			compatibilityVersion = "Xcode 14.0";
			developmentRegion = en;
			hasScannedForEncodings = 0;
			knownRegions = (
				en,
				Base,
			);
			mainGroup = 967AAA462C77EB0B003F79AD;
			productRefGroup = 967AAA502C77EB0B003F79AD /* Products */;
			projectDirPath = "";
			projectRoot = "";
			targets = (
				967AAA4E2C77EB0B003F79AD /* QuizApp */,
			);
		};
/* End PBXProject section */

/* Begin PBXResourcesBuildPhase section */
		967AAA4D2C77EB0B003F79AD /* Resources */ = {
			isa = PBXResourcesBuildPhase;
			buildActionMask = 2147483647;
			files = (
				967AAA5A2C77EB0E003F79AD /* Preview Assets.xcassets in Resources */,
				967AAA572C77EB0E003F79AD /* Assets.xcassets in Resources */,
			);
			runOnlyForDeploymentPostprocessing = 0;
		};
/* End PBXResourcesBuildPhase section */

/* Begin PBXSourcesBuildPhase section */
		967AAA4B2C77EB0B003F79AD /* Sources */ = {
			isa = PBXSourcesBuildPhase;
			buildActionMask = 2147483647;
			files = (
				964777632C782F8D00BE3B00 /* QuestionView.swift in Sources */,
				964777612C782C1B00BE3B00 /* GameViewModel.swift in Sources */,
				964777652C784D8500BE3B00 /* ScoreView.swift in Sources */,
				964777672C784E9E00BE3B00 /* ScoreViewModel.swift in Sources */,
				967AAA552C77EB0B003F79AD /* GameView.swift in Sources */,
				967AAA692C77F11E003F79AD /* WelcomeView.swift in Sources */,
				967AAA672C77EBC7003F79AD /* Game.swift in Sources */,
				967AAA652C77EBBE003F79AD /* Question.swift in Sources */,
				96DBCD3F2C77FE650075E92A /* BottomTextView.swift in Sources */,
				967AAA6B2C77F5F2003F79AD /* GameColor.swift in Sources */,
				967AAA532C77EB0B003F79AD /* QuizAppApp.swift in Sources */,
				967AAA632C77EB9D003F79AD /* ChoiceTextView.swift in Sources */,
			);
			runOnlyForDeploymentPostprocessing = 0;
		};
/* End PBXSourcesBuildPhase section */

/* Begin XCBuildConfiguration section */
		967AAA5B2C77EB0E003F79AD /* Debug */ = {
			isa = XCBuildConfiguration;
			buildSettings = {
				ALWAYS_SEARCH_USER_PATHS = NO;
				ASSETCATALOG_COMPILER_GENERATE_SWIFT_ASSET_SYMBOL_EXTENSIONS = YES;
				CLANG_ANALYZER_NONNULL = YES;
				CLANG_ANALYZER_NUMBER_OBJECT_CONVERSION = YES_AGGRESSIVE;
				CLANG_CXX_LANGUAGE_STANDARD = "gnu++20";
				CLANG_ENABLE_MODULES = YES;
				CLANG_ENABLE_OBJC_ARC = YES;
				CLANG_ENABLE_OBJC_WEAK = YES;
				CLANG_WARN_BLOCK_CAPTURE_AUTORELEASING = YES;
				CLANG_WARN_BOOL_CONVERSION = YES;
				CLANG_WARN_COMMA = YES;
				CLANG_WARN_CONSTANT_CONVERSION = YES;
				CLANG_WARN_DEPRECATED_OBJC_IMPLEMENTATIONS = YES;
				CLANG_WARN_DIRECT_OBJC_ISA_USAGE = YES_ERROR;
				CLANG_WARN_DOCUMENTATION_COMMENTS = YES;
				CLANG_WARN_EMPTY_BODY = YES;
				CLANG_WARN_ENUM_CONVERSION = YES;
				CLANG_WARN_INFINITE_RECURSION = YES;
				CLANG_WARN_INT_CONVERSION = YES;
				CLANG_WARN_NON_LITERAL_NULL_CONVERSION = YES;
				CLANG_WARN_OBJC_IMPLICIT_RETAIN_SELF = YES;
				CLANG_WARN_OBJC_LITERAL_CONVERSION = YES;
				CLANG_WARN_OBJC_ROOT_CLASS = YES_ERROR;
				CLANG_WARN_QUOTED_INCLUDE_IN_FRAMEWORK_HEADER = YES;
				CLANG_WARN_RANGE_LOOP_ANALYSIS = YES;
				CLANG_WARN_STRICT_PROTOTYPES = YES;
				CLANG_WARN_SUSPICIOUS_MOVE = YES;
				CLANG_WARN_UNGUARDED_AVAILABILITY = YES_AGGRESSIVE;
				CLANG_WARN_UNREACHABLE_CODE = YES;
				CLANG_WARN__DUPLICATE_METHOD_MATCH = YES;
				COPY_PHASE_STRIP = NO;
				DEBUG_INFORMATION_FORMAT = dwarf;
				ENABLE_STRICT_OBJC_MSGSEND = YES;
				ENABLE_TESTABILITY = YES;
				ENABLE_USER_SCRIPT_SANDBOXING = YES;
				GCC_C_LANGUAGE_STANDARD = gnu17;
				GCC_DYNAMIC_NO_PIC = NO;
				GCC_NO_COMMON_BLOCKS = YES;
				GCC_OPTIMIZATION_LEVEL = 0;
				GCC_PREPROCESSOR_DEFINITIONS = (
					"DEBUG=1",
					"$(inherited)",
				);
				GCC_WARN_64_TO_32_BIT_CONVERSION = YES;
				GCC_WARN_ABOUT_RETURN_TYPE = YES_ERROR;
				GCC_WARN_UNDECLARED_SELECTOR = YES;
				GCC_WARN_UNINITIALIZED_AUTOS = YES_AGGRESSIVE;
				GCC_WARN_UNUSED_FUNCTION = YES;
				GCC_WARN_UNUSED_VARIABLE = YES;
				IPHONEOS_DEPLOYMENT_TARGET = 17.5;
				LOCALIZATION_PREFERS_STRING_CATALOGS = YES;
				MTL_ENABLE_DEBUG_INFO = INCLUDE_SOURCE;
				MTL_FAST_MATH = YES;
				ONLY_ACTIVE_ARCH = YES;
				SDKROOT = iphoneos;
				SWIFT_ACTIVE_COMPILATION_CONDITIONS = "DEBUG $(inherited)";
				SWIFT_OPTIMIZATION_LEVEL = "-Onone";
			};
			name = Debug;
		};
		967AAA5C2C77EB0E003F79AD /* Release */ = {
			isa = XCBuildConfiguration;
			buildSettings = {
				ALWAYS_SEARCH_USER_PATHS = NO;
				ASSETCATALOG_COMPILER_GENERATE_SWIFT_ASSET_SYMBOL_EXTENSIONS = YES;
				CLANG_ANALYZER_NONNULL = YES;
				CLANG_ANALYZER_NUMBER_OBJECT_CONVERSION = YES_AGGRESSIVE;
				CLANG_CXX_LANGUAGE_STANDARD = "gnu++20";
				CLANG_ENABLE_MODULES = YES;
				CLANG_ENABLE_OBJC_ARC = YES;
				CLANG_ENABLE_OBJC_WEAK = YES;
				CLANG_WARN_BLOCK_CAPTURE_AUTORELEASING = YES;
				CLANG_WARN_BOOL_CONVERSION = YES;
				CLANG_WARN_COMMA = YES;
				CLANG_WARN_CONSTANT_CONVERSION = YES;
				CLANG_WARN_DEPRECATED_OBJC_IMPLEMENTATIONS = YES;
				CLANG_WARN_DIRECT_OBJC_ISA_USAGE = YES_ERROR;
				CLANG_WARN_DOCUMENTATION_COMMENTS = YES;
				CLANG_WARN_EMPTY_BODY = YES;
				CLANG_WARN_ENUM_CONVERSION = YES;
				CLANG_WARN_INFINITE_RECURSION = YES;
				CLANG_WARN_INT_CONVERSION = YES;
				CLANG_WARN_NON_LITERAL_NULL_CONVERSION = YES;
				CLANG_WARN_OBJC_IMPLICIT_RETAIN_SELF = YES;
				CLANG_WARN_OBJC_LITERAL_CONVERSION = YES;
				CLANG_WARN_OBJC_ROOT_CLASS = YES_ERROR;
				CLANG_WARN_QUOTED_INCLUDE_IN_FRAMEWORK_HEADER = YES;
				CLANG_WARN_RANGE_LOOP_ANALYSIS = YES;
				CLANG_WARN_STRICT_PROTOTYPES = YES;
				CLANG_WARN_SUSPICIOUS_MOVE = YES;
				CLANG_WARN_UNGUARDED_AVAILABILITY = YES_AGGRESSIVE;
				CLANG_WARN_UNREACHABLE_CODE = YES;
				CLANG_WARN__DUPLICATE_METHOD_MATCH = YES;
				COPY_PHASE_STRIP = NO;
				DEBUG_INFORMATION_FORMAT = "dwarf-with-dsym";
				ENABLE_NS_ASSERTIONS = NO;
				ENABLE_STRICT_OBJC_MSGSEND = YES;
				ENABLE_USER_SCRIPT_SANDBOXING = YES;
				GCC_C_LANGUAGE_STANDARD = gnu17;
				GCC_NO_COMMON_BLOCKS = YES;
				GCC_WARN_64_TO_32_BIT_CONVERSION = YES;
				GCC_WARN_ABOUT_RETURN_TYPE = YES_ERROR;
				GCC_WARN_UNDECLARED_SELECTOR = YES;
				GCC_WARN_UNINITIALIZED_AUTOS = YES_AGGRESSIVE;
				GCC_WARN_UNUSED_FUNCTION = YES;
				GCC_WARN_UNUSED_VARIABLE = YES;
				IPHONEOS_DEPLOYMENT_TARGET = 17.5;
				LOCALIZATION_PREFERS_STRING_CATALOGS = YES;
				MTL_ENABLE_DEBUG_INFO = NO;
				MTL_FAST_MATH = YES;
				SDKROOT = iphoneos;
				SWIFT_COMPILATION_MODE = wholemodule;
				VALIDATE_PRODUCT = YES;
			};
			name = Release;
		};
		967AAA5E2C77EB0E003F79AD /* Debug */ = {
			isa = XCBuildConfiguration;
			buildSettings = {
				ASSETCATALOG_COMPILER_APPICON_NAME = AppIcon;
				ASSETCATALOG_COMPILER_GLOBAL_ACCENT_COLOR_NAME = AccentColor;
				CODE_SIGN_STYLE = Automatic;
				CURRENT_PROJECT_VERSION = 1;
				DEVELOPMENT_ASSET_PATHS = "\"QuizApp/Preview Content\"";
				ENABLE_PREVIEWS = YES;
				GENERATE_INFOPLIST_FILE = YES;
				INFOPLIST_KEY_UIApplicationSceneManifest_Generation = YES;
				INFOPLIST_KEY_UIApplicationSupportsIndirectInputEvents = YES;
				INFOPLIST_KEY_UILaunchScreen_Generation = YES;
				INFOPLIST_KEY_UISupportedInterfaceOrientations_iPad = "UIInterfaceOrientationPortrait UIInterfaceOrientationPortraitUpsideDown UIInterfaceOrientationLandscapeLeft UIInterfaceOrientationLandscapeRight";
				INFOPLIST_KEY_UISupportedInterfaceOrientations_iPhone = "UIInterfaceOrientationPortrait UIInterfaceOrientationLandscapeLeft UIInterfaceOrientationLandscapeRight";
				LD_RUNPATH_SEARCH_PATHS = (
					"$(inherited)",
					"@executable_path/Frameworks",
				);
				MARKETING_VERSION = 1.0;
				PRODUCT_BUNDLE_IDENTIFIER = brody.QuizApp;
				PRODUCT_NAME = "$(TARGET_NAME)";
				SWIFT_EMIT_LOC_STRINGS = YES;
				SWIFT_VERSION = 5.0;
				TARGETED_DEVICE_FAMILY = "1,2";
			};
			name = Debug;
		};
		967AAA5F2C77EB0E003F79AD /* Release */ = {
			isa = XCBuildConfiguration;
			buildSettings = {
				ASSETCATALOG_COMPILER_APPICON_NAME = AppIcon;
				ASSETCATALOG_COMPILER_GLOBAL_ACCENT_COLOR_NAME = AccentColor;
				CODE_SIGN_STYLE = Automatic;
				CURRENT_PROJECT_VERSION = 1;
				DEVELOPMENT_ASSET_PATHS = "\"QuizApp/Preview Content\"";
				ENABLE_PREVIEWS = YES;
				GENERATE_INFOPLIST_FILE = YES;
				INFOPLIST_KEY_UIApplicationSceneManifest_Generation = YES;
				INFOPLIST_KEY_UIApplicationSupportsIndirectInputEvents = YES;
				INFOPLIST_KEY_UILaunchScreen_Generation = YES;
				INFOPLIST_KEY_UISupportedInterfaceOrientations_iPad = "UIInterfaceOrientationPortrait UIInterfaceOrientationPortraitUpsideDown UIInterfaceOrientationLandscapeLeft UIInterfaceOrientationLandscapeRight";
				INFOPLIST_KEY_UISupportedInterfaceOrientations_iPhone = "UIInterfaceOrientationPortrait UIInterfaceOrientationLandscapeLeft UIInterfaceOrientationLandscapeRight";
				LD_RUNPATH_SEARCH_PATHS = (
					"$(inherited)",
					"@executable_path/Frameworks",
				);
				MARKETING_VERSION = 1.0;
				PRODUCT_BUNDLE_IDENTIFIER = brody.QuizApp;
				PRODUCT_NAME = "$(TARGET_NAME)";
				SWIFT_EMIT_LOC_STRINGS = YES;
				SWIFT_VERSION = 5.0;
				TARGETED_DEVICE_FAMILY = "1,2";
			};
			name = Release;
		};
/* End XCBuildConfiguration section */

/* Begin XCConfigurationList section */
		967AAA4A2C77EB0B003F79AD /* Build configuration list for PBXProject "QuizApp" */ = {
			isa = XCConfigurationList;
			buildConfigurations = (
				967AAA5B2C77EB0E003F79AD /* Debug */,
				967AAA5C2C77EB0E003F79AD /* Release */,
			);
			defaultConfigurationIsVisible = 0;
			defaultConfigurationName = Release;
		};
		967AAA5D2C77EB0E003F79AD /* Build configuration list for PBXNativeTarget "QuizApp" */ = {
			isa = XCConfigurationList;
			buildConfigurations = (
				967AAA5E2C77EB0E003F79AD /* Debug */,
				967AAA5F2C77EB0E003F79AD /* Release */,
			);
			defaultConfigurationIsVisible = 0;
			defaultConfigurationName = Release;
		};
/* End XCConfigurationList section */
	};
	rootObject = 967AAA472C77EB0B003F79AD /* Project object */;
}
